
Microsoft Visual Studio Solution File, Format Version 12.00
# Visual Studio 15
VisualStudioVersion = 15.0.28307.102
MinimumVisualStudioVersion = 10.0.40219.1
Project("{FAE04EC0-301F-11D3-BF4B-00C04F79EFBC}") = "Garsonum_Design.Android", "Garsonum_Design\Garsonum_Design.Android\Garsonum_Design.Android.csproj", "{773CA5DC-A31B-4C18-8B5E-E878219810B1}"
EndProject
Project("{FAE04EC0-301F-11D3-BF4B-00C04F79EFBC}") = "Garsonum_Design.iOS", "Garsonum_Design\Garsonum_Design.iOS\Garsonum_Design.iOS.csproj", "{77908CAD-64EA-41AB-9A5B-B90829430B75}"
EndProject
Project("{FAE04EC0-301F-11D3-BF4B-00C04F79EFBC}") = "Garsonum_Design", "Garsonum_Design\Garsonum_Design\Garsonum_Design.csproj", "{34592D67-8929-4AA4-893D-D35F88DAB29D}"
EndProject
Global
	GlobalSection(SolutionConfigurationPlatforms) = preSolution
		Ad-Hoc|Any CPU = Ad-Hoc|Any CPU
		Ad-Hoc|iPhone = Ad-Hoc|iPhone
		Ad-Hoc|iPhoneSimulator = Ad-Hoc|iPhoneSimulator
		AppStore|Any CPU = AppStore|Any CPU
		AppStore|iPhone = AppStore|iPhone
		AppStore|iPhoneSimulator = AppStore|iPhoneSimulator
		Debug|Any CPU = Debug|Any CPU
		Debug|iPhone = Debug|iPhone
		Debug|iPhoneSimulator = Debug|iPhoneSimulator
		Release|Any CPU = Release|Any CPU
		Release|iPhone = Release|iPhone
		Release|iPhoneSimulator = Release|iPhoneSimulator
	EndGlobalSection
	GlobalSection(ProjectConfigurationPlatforms) = postSolution
		{773CA5DC-A31B-4C18-8B5E-E878219810B1}.Ad-Hoc|Any CPU.ActiveCfg = Release|Any CPU
		{773CA5DC-A31B-4C18-8B5E-E878219810B1}.Ad-Hoc|Any CPU.Build.0 = Release|Any CPU
		{773CA5DC-A31B-4C18-8B5E-E878219810B1}.Ad-Hoc|Any CPU.Deploy.0 = Release|Any CPU
		{773CA5DC-A31B-4C18-8B5E-E878219810B1}.Ad-Hoc|iPhone.ActiveCfg = Release|Any CPU
		{773CA5DC-A31B-4C18-8B5E-E878219810B1}.Ad-Hoc|iPhone.Build.0 = Release|Any CPU
		{773CA5DC-A31B-4C18-8B5E-E878219810B1}.Ad-Hoc|iPhone.Deploy.0 = Release|Any CPU
		{773CA5DC-A31B-4C18-8B5E-E878219810B1}.Ad-Hoc|iPhoneSimulator.ActiveCfg = Release|Any CPU
		{773CA5DC-A31B-4C18-8B5E-E878219810B1}.Ad-Hoc|iPhoneSimulator.Build.0 = Release|Any CPU
		{773CA5DC-A31B-4C18-8B5E-E878219810B1}.Ad-Hoc|iPhoneSimulator.Deploy.0 = Release|Any CPU
		{773CA5DC-A31B-4C18-8B5E-E878219810B1}.AppStore|Any CPU.ActiveCfg = Release|Any CPU
		{773CA5DC-A31B-4C18-8B5E-E878219810B1}.AppStore|Any CPU.Build.0 = Release|Any CPU
		{773CA5DC-A31B-4C18-8B5E-E878219810B1}.AppStore|Any CPU.Deploy.0 = Release|Any CPU
		{773CA5DC-A31B-4C18-8B5E-E878219810B1}.AppStore|iPhone.ActiveCfg = Release|Any CPU
		{773CA5DC-A31B-4C18-8B5E-E878219810B1}.AppStore|iPhone.Build.0 = Release|Any CPU
		{773CA5DC-A31B-4C18-8B5E-E878219810B1}.AppStore|iPhone.Deploy.0 = Release|Any CPU
		{773CA5DC-A31B-4C18-8B5E-E878219810B1}.AppStore|iPhoneSimulator.ActiveCfg = Release|Any CPU
		{773CA5DC-A31B-4C18-8B5E-E878219810B1}.AppStore|iPhoneSimulator.Build.0 = Release|Any CPU
		{773CA5DC-A31B-4C18-8B5E-E878219810B1}.AppStore|iPhoneSimulator.Deploy.0 = Release|Any CPU
		{773CA5DC-A31B-4C18-8B5E-E878219810B1}.Debug|Any CPU.ActiveCfg = Debug|Any CPU
		{773CA5DC-A31B-4C18-8B5E-E878219810B1}.Debug|Any CPU.Build.0 = Debug|Any CPU
		{773CA5DC-A31B-4C18-8B5E-E878219810B1}.Debug|Any CPU.Deploy.0 = Debug|Any CPU
		{773CA5DC-A31B-4C18-8B5E-E878219810B1}.Debug|iPhone.ActiveCfg = Debug|Any CPU
		{773CA5DC-A31B-4C18-8B5E-E878219810B1}.Debug|iPhone.Build.0 = Debug|Any CPU
		{773CA5DC-A31B-4C18-8B5E-E878219810B1}.Debug|iPhone.Deploy.0 = Debug|Any CPU
		{773CA5DC-A31B-4C18-8B5E-E878219810B1}.Debug|iPhoneSimulator.ActiveCfg = Debug|Any CPU
		{773CA5DC-A31B-4C18-8B5E-E878219810B1}.Debug|iPhoneSimulator.Build.0 = Debug|Any CPU
		{773CA5DC-A31B-4C18-8B5E-E878219810B1}.Debug|iPhoneSimulator.Deploy.0 = Debug|Any CPU
		{773CA5DC-A31B-4C18-8B5E-E878219810B1}.Release|Any CPU.ActiveCfg = Release|Any CPU
		{773CA5DC-A31B-4C18-8B5E-E878219810B1}.Release|Any CPU.Build.0 = Release|Any CPU
		{773CA5DC-A31B-4C18-8B5E-E878219810B1}.Release|Any CPU.Deploy.0 = Release|Any CPU
		{773CA5DC-A31B-4C18-8B5E-E878219810B1}.Release|iPhone.ActiveCfg = Release|Any CPU
		{773CA5DC-A31B-4C18-8B5E-E878219810B1}.Release|iPhone.Build.0 = Release|Any CPU
		{773CA5DC-A31B-4C18-8B5E-E878219810B1}.Release|iPhone.Deploy.0 = Release|Any CPU
		{773CA5DC-A31B-4C18-8B5E-E878219810B1}.Release|iPhoneSimulator.ActiveCfg = Release|Any CPU
		{773CA5DC-A31B-4C18-8B5E-E878219810B1}.Release|iPhoneSimulator.Build.0 = Release|Any CPU
		{773CA5DC-A31B-4C18-8B5E-E878219810B1}.Release|iPhoneSimulator.Deploy.0 = Release|Any CPU
		{77908CAD-64EA-41AB-9A5B-B90829430B75}.Ad-Hoc|Any CPU.ActiveCfg = Ad-Hoc|iPhone
		{77908CAD-64EA-41AB-9A5B-B90829430B75}.Ad-Hoc|Any CPU.Build.0 = Ad-Hoc|iPhone
		{77908CAD-64EA-41AB-9A5B-B90829430B75}.Ad-Hoc|Any CPU.Deploy.0 = Ad-Hoc|iPhone
		{77908CAD-64EA-41AB-9A5B-B90829430B75}.Ad-Hoc|iPhone.ActiveCfg = Ad-Hoc|iPhone
		{77908CAD-64EA-41AB-9A5B-B90829430B75}.Ad-Hoc|iPhone.Build.0 = Ad-Hoc|iPhone
		{77908CAD-64EA-41AB-9A5B-B90829430B75}.Ad-Hoc|iPhone.Deploy.0 = Ad-Hoc|iPhone
		{77908CAD-64EA-41AB-9A5B-B90829430B75}.Ad-Hoc|iPhoneSimulator.ActiveCfg = Ad-Hoc|iPhoneSimulator
		{77908CAD-64EA-41AB-9A5B-B90829430B75}.Ad-Hoc|iPhoneSimulator.Build.0 = Ad-Hoc|iPhoneSimulator
		{77908CAD-64EA-41AB-9A5B-B90829430B75}.Ad-Hoc|iPhoneSimulator.Deploy.0 = Ad-Hoc|iPhoneSimulator
		{77908CAD-64EA-41AB-9A5B-B90829430B75}.AppStore|Any CPU.ActiveCfg = AppStore|iPhone
		{77908CAD-64EA-41AB-9A5B-B90829430B75}.AppStore|Any CPU.Build.0 = AppStore|iPhone
		{77908CAD-64EA-41AB-9A5B-B90829430B75}.AppStore|Any CPU.Deploy.0 = AppStore|iPhone
		{77908CAD-64EA-41AB-9A5B-B90829430B75}.AppStore|iPhone.ActiveCfg = AppStore|iPhone
		{77908CAD-64EA-41AB-9A5B-B90829430B75}.AppStore|iPhone.Build.0 = AppStore|iPhone
		{77908CAD-64EA-41AB-9A5B-B90829430B75}.AppStore|iPhone.Deploy.0 = AppStore|iPhone
		{77908CAD-64EA-41AB-9A5B-B90829430B75}.AppStore|iPhoneSimulator.ActiveCfg = AppStore|iPhoneSimulator
		{77908CAD-64EA-41AB-9A5B-B90829430B75}.AppStore|iPhoneSimulator.Build.0 = AppStore|iPhoneSimulator
		{77908CAD-64EA-41AB-9A5B-B90829430B75}.AppStore|iPhoneSimulator.Deploy.0 = AppStore|iPhoneSimulator
		{77908CAD-64EA-41AB-9A5B-B90829430B75}.Debug|Any CPU.ActiveCfg = Debug|iPhoneSimulator
		{77908CAD-64EA-41AB-9A5B-B90829430B75}.Debug|Any CPU.Build.0 = Debug|iPhoneSimulator
		{77908CAD-64EA-41AB-9A5B-B90829430B75}.Debug|Any CPU.Deploy.0 = Debug|iPhoneSimulator
		{77908CAD-64EA-41AB-9A5B-B90829430B75}.Debug|iPhone.ActiveCfg = Debug|iPhone
		{77908CAD-64EA-41AB-9A5B-B90829430B75}.Debug|iPhone.Build.0 = Debug|iPhone
		{77908CAD-64EA-41AB-9A5B-B90829430B75}.Debug|iPhone.Deploy.0 = Debug|iPhone
		{77908CAD-64EA-41AB-9A5B-B90829430B75}.Debug|iPhoneSimulator.ActiveCfg = Debug|iPhoneSimulator
		{77908CAD-64EA-41AB-9A5B-B90829430B75}.Debug|iPhoneSimulator.Build.0 = Debug|iPhoneSimulator
		{77908CAD-64EA-41AB-9A5B-B90829430B75}.Debug|iPhoneSimulator.Deploy.0 = Debug|iPhoneSimulator
		{77908CAD-64EA-41AB-9A5B-B90829430B75}.Release|Any CPU.ActiveCfg = Release|iPhone
		{77908CAD-64EA-41AB-9A5B-B90829430B75}.Release|Any CPU.Build.0 = Release|iPhone
		{77908CAD-64EA-41AB-9A5B-B90829430B75}.Release|Any CPU.Deploy.0 = Release|iPhone
		{77908CAD-64EA-41AB-9A5B-B90829430B75}.Release|iPhone.ActiveCfg = Release|iPhone
		{77908CAD-64EA-41AB-9A5B-B90829430B75}.Release|iPhone.Build.0 = Release|iPhone
		{77908CAD-64EA-41AB-9A5B-B90829430B75}.Release|iPhone.Deploy.0 = Release|iPhone
		{77908CAD-64EA-41AB-9A5B-B90829430B75}.Release|iPhoneSimulator.ActiveCfg = Release|iPhoneSimulator
		{77908CAD-64EA-41AB-9A5B-B90829430B75}.Release|iPhoneSimulator.Build.0 = Release|iPhoneSimulator
		{77908CAD-64EA-41AB-9A5B-B90829430B75}.Release|iPhoneSimulator.Deploy.0 = Release|iPhoneSimulator
		{34592D67-8929-4AA4-893D-D35F88DAB29D}.Ad-Hoc|Any CPU.ActiveCfg = Debug|Any CPU
		{34592D67-8929-4AA4-893D-D35F88DAB29D}.Ad-Hoc|Any CPU.Build.0 = Debug|Any CPU
		{34592D67-8929-4AA4-893D-D35F88DAB29D}.Ad-Hoc|Any CPU.Deploy.0 = Debug|Any CPU
		{34592D67-8929-4AA4-893D-D35F88DAB29D}.Ad-Hoc|iPhone.ActiveCfg = Debug|Any CPU
		{34592D67-8929-4AA4-893D-D35F88DAB29D}.Ad-Hoc|iPhone.Build.0 = Debug|Any CPU
		{34592D67-8929-4AA4-893D-D35F88DAB29D}.Ad-Hoc|iPhone.Deploy.0 = Debug|Any CPU
		{34592D67-8929-4AA4-893D-D35F88DAB29D}.Ad-Hoc|iPhoneSimulator.ActiveCfg = Debug|Any CPU
		{34592D67-8929-4AA4-893D-D35F88DAB29D}.Ad-Hoc|iPhoneSimulator.Build.0 = Debug|Any CPU
		{34592D67-8929-4AA4-893D-D35F88DAB29D}.Ad-Hoc|iPhoneSimulator.Deploy.0 = Debug|Any CPU
		{34592D67-8929-4AA4-893D-D35F88DAB29D}.AppStore|Any CPU.ActiveCfg = Debug|Any CPU
		{34592D67-8929-4AA4-893D-D35F88DAB29D}.AppStore|Any CPU.Build.0 = Debug|Any CPU
		{34592D67-8929-4AA4-893D-D35F88DAB29D}.AppStore|Any CPU.Deploy.0 = Debug|Any CPU
		{34592D67-8929-4AA4-893D-D35F88DAB29D}.AppStore|iPhone.ActiveCfg = Debug|Any CPU
		{34592D67-8929-4AA4-893D-D35F88DAB29D}.AppStore|iPhone.Build.0 = Debug|Any CPU
		{34592D67-8929-4AA4-893D-D35F88DAB29D}.AppStore|iPhone.Deploy.0 = Debug|Any CPU
		{34592D67-8929-4AA4-893D-D35F88DAB29D}.AppStore|iPhoneSimulator.ActiveCfg = Debug|Any CPU
		{34592D67-8929-4AA4-893D-D35F88DAB29D}.AppStore|iPhoneSimulator.Build.0 = Debug|Any CPU
		{34592D67-8929-4AA4-893D-D35F88DAB29D}.AppStore|iPhoneSimulator.Deploy.0 = Debug|Any CPU
		{34592D67-8929-4AA4-893D-D35F88DAB29D}.Debug|Any CPU.ActiveCfg = Debug|Any CPU
		{34592D67-8929-4AA4-893D-D35F88DAB29D}.Debug|Any CPU.Build.0 = Debug|Any CPU
		{34592D67-8929-4AA4-893D-D35F88DAB29D}.Debug|Any CPU.Deploy.0 = Debug|Any CPU
		{34592D67-8929-4AA4-893D-D35F88DAB29D}.Debug|iPhone.ActiveCfg = Debug|Any CPU
		{34592D67-8929-4AA4-893D-D35F88DAB29D}.Debug|iPhone.Build.0 = Debug|Any CPU
		{34592D67-8929-4AA4-893D-D35F88DAB29D}.Debug|iPhone.Deploy.0 = Debug|Any CPU
		{34592D67-8929-4AA4-893D-D35F88DAB29D}.Debug|iPhoneSimulator.ActiveCfg = Debug|Any CPU
		{34592D67-8929-4AA4-893D-D35F88DAB29D}.Debug|iPhoneSimulator.Build.0 = Debug|Any CPU
		{34592D67-8929-4AA4-893D-D35F88DAB29D}.Debug|iPhoneSimulator.Deploy.0 = Debug|Any CPU
		{34592D67-8929-4AA4-893D-D35F88DAB29D}.Release|Any CPU.ActiveCfg = Release|Any CPU
		{34592D67-8929-4AA4-893D-D35F88DAB29D}.Release|Any CPU.Build.0 = Release|Any CPU
		{34592D67-8929-4AA4-893D-D35F88DAB29D}.Release|Any CPU.Deploy.0 = Release|Any CPU
		{34592D67-8929-4AA4-893D-D35F88DAB29D}.Release|iPhone.ActiveCfg = Release|Any CPU
		{34592D67-8929-4AA4-893D-D35F88DAB29D}.Release|iPhone.Build.0 = Release|Any CPU
		{34592D67-8929-4AA4-893D-D35F88DAB29D}.Release|iPhone.Deploy.0 = Release|Any CPU
		{34592D67-8929-4AA4-893D-D35F88DAB29D}.Release|iPhoneSimulator.ActiveCfg = Release|Any CPU
		{34592D67-8929-4AA4-893D-D35F88DAB29D}.Release|iPhoneSimulator.Build.0 = Release|Any CPU
		{34592D67-8929-4AA4-893D-D35F88DAB29D}.Release|iPhoneSimulator.Deploy.0 = Release|Any CPU
	EndGlobalSection
	GlobalSection(SolutionProperties) = preSolution
		HideSolutionNode = FALSE
	EndGlobalSection
	GlobalSection(ExtensibilityGlobals) = postSolution
		SolutionGuid = {8121134F-1E52-44C8-AB25-2B5F6FAE70BB}
	EndGlobalSection
EndGlobal
